Microsoft Visual Studio Solution File, Format Version 12.00
# Visual Studio Version 17
VisualStudioVersion = 17.5.2.0
MinimumVisualStudioVersion = 10.0.40219.1
Project("{FAE04EC0-301F-11D3-BF4B-00C04F79EFBC}") = "vizora", "vizora.csproj", "{FB2175B4-F54D-CB02-B3B6-733F5BDF20D5}"
EndProject
Global
	GlobalSection(SolutionConfigurationPlatforms) = preSolution
		Debug|Any CPU = Debug|Any CPU
		Release|Any CPU = Release|Any CPU
	EndGlobalSection
	GlobalSection(ProjectConfigurationPlatforms) = postSolution
		{FB2175B4-F54D-CB02-B3B6-733F5BDF20D5}.Debug|Any CPU.ActiveCfg = Debug|Any CPU
		{FB2175B4-F54D-CB02-B3B6-733F5BDF20D5}.Debug|Any CPU.Build.0 = Debug|Any CPU
		{FB2175B4-F54D-CB02-B3B6-733F5BDF20D5}.Release|Any CPU.ActiveCfg = Release|Any CPU
		{FB2175B4-F54D-CB02-B3B6-733F5BDF20D5}.Release|Any CPU.Build.0 = Release|Any CPU
	EndGlobalSection
	GlobalSection(SolutionProperties) = preSolution
		HideSolutionNode = FALSE
	EndGlobalSection
	GlobalSection(ExtensibilityGlobals) = postSolution
		SolutionGuid = {403392FB-8A71-420C-BB99-28016601B8C1}
	EndGlobalSection
EndGlobal
